
Microsoft Visual Studio Solution File, Format Version 12.00
# Visual Studio 2012
Project("{FAE04EC0-301F-11D3-BF4B-00C04F79EFBC}") = "ArrayExample2", "ArrayExample2\ArrayExample2.csproj", "{7DBE4D6B-6BBF-486D-8C2D-243978D2E576}"
EndProject
Global
	GlobalSection(SolutionConfigurationPlatforms) = preSolution
		Debug|x86 = Debug|x86
		Release|x86 = Release|x86
	EndGlobalSection
	GlobalSection(ProjectConfigurationPlatforms) = postSolution
		{7DBE4D6B-6BBF-486D-8C2D-243978D2E576}.Debug|x86.ActiveCfg = Debug|x86
		{7DBE4D6B-6BBF-486D-8C2D-243978D2E576}.Debug|x86.Build.0 = Debug|x86
		{7DBE4D6B-6BBF-486D-8C2D-243978D2E576}.Release|x86.ActiveCfg = Release|x86
		{7DBE4D6B-6BBF-486D-8C2D-243978D2E576}.Release|x86.Build.0 = Release|x86
	EndGlobalSection
EndGlobal
