
Microsoft Visual Studio Solution File, Format Version 12.00
# Visual Studio 2012
Project("{FAE04EC0-301F-11D3-BF4B-00C04F79EFBC}") = "sampleProject", "sampleProject\sampleProject.csproj", "{AAA46AC1-E861-4D1D-B7E6-6EE41339FAEE}"
EndProject
Global
	GlobalSection(SolutionConfigurationPlatforms) = preSolution
		Debug|x86 = Debug|x86
		Release|x86 = Release|x86
	EndGlobalSection
	GlobalSection(ProjectConfigurationPlatforms) = postSolution
		{AAA46AC1-E861-4D1D-B7E6-6EE41339FAEE}.Debug|x86.ActiveCfg = Debug|x86
		{AAA46AC1-E861-4D1D-B7E6-6EE41339FAEE}.Debug|x86.Build.0 = Debug|x86
		{AAA46AC1-E861-4D1D-B7E6-6EE41339FAEE}.Release|x86.ActiveCfg = Release|x86
		{AAA46AC1-E861-4D1D-B7E6-6EE41339FAEE}.Release|x86.Build.0 = Release|x86
	EndGlobalSection
EndGlobal
